
Microsoft Visual Studio Solution File, Format Version 12.00
# Visual Studio Version 16
VisualStudioVersion = 16.0.30320.27
MinimumVisualStudioVersion = 10.0.40219.1
Project("{FAE04EC0-301F-11D3-BF4B-00C04F79EFBC}") = "Atividade01", "Atividade01\Atividade01.csproj", "{BB2D8F87-7A29-4EBC-8705-197E8CD44EF2}"
EndProject
Global
	GlobalSection(SolutionConfigurationPlatforms) = preSolution
		Debug|Any CPU = Debug|Any CPU
		Release|Any CPU = Release|Any CPU
	EndGlobalSection
	GlobalSection(ProjectConfigurationPlatforms) = postSolution
		{BB2D8F87-7A29-4EBC-8705-197E8CD44EF2}.Debug|Any CPU.ActiveCfg = Debug|Any CPU
		{BB2D8F87-7A29-4EBC-8705-197E8CD44EF2}.Debug|Any CPU.Build.0 = Debug|Any CPU
		{BB2D8F87-7A29-4EBC-8705-197E8CD44EF2}.Release|Any CPU.ActiveCfg = Release|Any CPU
		{BB2D8F87-7A29-4EBC-8705-197E8CD44EF2}.Release|Any CPU.Build.0 = Release|Any CPU
	EndGlobalSection
	GlobalSection(SolutionProperties) = preSolution
		HideSolutionNode = FALSE
	EndGlobalSection
	GlobalSection(ExtensibilityGlobals) = postSolution
		SolutionGuid = {D9659FE4-1B80-457A-B465-DA1300A8CBE2}
	EndGlobalSection
EndGlobal
